PODS:
  - provider (0.0.3139)
  - res (0.0.3139)

DEPENDENCIES:
  - provider (from `../ios/provider/provider.podspec`)
  - res (from `../client/core/res/res.podspec`)

EXTERNAL SOURCES:
  provider:
    :path: "../ios/provider/provider.podspec"
  res:
    :path: "../client/core/res/res.podspec"

SPEC CHECKSUMS:
  provider: 8667d02337d9ce293e54648f4a59db16a4322322
  res: 3312ea2b12800801c81c24715f2f65af98eee1a0

PODFILE CHECKSUM: 412cec7fc739afa9e2c84446671ea1c95b0a4e74

COCOAPODS: 1.11.3
