PODS:
  - provider (0.0.2420)
  - res (0.0.2420)

DEPENDENCIES:
  - provider (from `../provider/provider.podspec`)
  - res (from `../res/res.podspec`)

EXTERNAL SOURCES:
  provider:
    :path: "../provider/provider.podspec"
  res:
    :path: "../res/res.podspec"

SPEC CHECKSUMS:
  provider: 8c3ec3147a12271f13efa6426e0a9bd400e68546
  res: 032ccef09e62bd79a4ae60a516620a96c3de4a47

PODFILE CHECKSUM: f61a561b41da1e6b24e8a3e586530271ce1c87a7

COCOAPODS: 1.11.3
