PODS:
  - client (0.0.1467)
  - res (0.0.1467)

DEPENDENCIES:
  - client (from `../client/client.podspec`)
  - res (from `../res/res.podspec`)

EXTERNAL SOURCES:
  client:
    :path: "../client/client.podspec"
  res:
    :path: "../res/res.podspec"

SPEC CHECKSUMS:
  client: 8d21ee372727cf9fe8165b6d12502d4185504385
  res: 961330d930bf80da98041d4535cc376dbb828fd6

PODFILE CHECKSUM: 3af52908f4dea1100643ca962006066a8db38086

COCOAPODS: 1.11.2
