{
  "pins" : [
    {
      "identity" : "swiftmessages",
      "kind" : "remoteSourceControl",
      "location" : "https://github.com/SwiftKickMobile/SwiftMessages",
      "state" : {
        "revision" : "b29dd21090b708aa0ae9ecbaf6e2d0487028dc3f",
        "version" : "9.0.6"
      }
    },
    {
      "identity" : "swiftui-navigation-stack",
      "kind" : "remoteSourceControl",
      "location" : "https://github.com/matteopuc/swiftui-navigation-stack",
      "state" : {
        "revision" : "be0db68ed0d84ed543bf8f7600a1f84de015f753",
        "version" : "1.0.4"
      }
    }
  ],
  "version" : 2
}
