// !$*UTF8*$!
{
	archiveVersion = 1;
	classes = {
	};
	objectVersion = 52;
	objects = {

/* Begin PBXBuildFile section */
		15A796074B10DEA83142F40F /* Pods_CCC.framework in Frameworks */ = {isa = PBXBuildFile; fileRef = 341CA58575E08166F616E331 /* Pods_CCC.framework */; };
		5C039FD625C1B705008350A3 /* FormProgressView.swift in Sources */ = {isa = PBXBuildFile; fileRef = 5C039FD525C1B705008350A3 /* FormProgressView.swift */; };
		5C17581A25BC74BD00D16BD9 /* SettingsView.swift in Sources */ = {isa = PBXBuildFile; fileRef = 5C17581925BC74BD00D16BD9 /* SettingsView.swift */; };
		5C314CBE25BA0AC0007B22D8 /* CurrenciesView.swift in Sources */ = {isa = PBXBuildFile; fileRef = 5C314CBD25BA0AC0007B22D8 /* CurrenciesView.swift */; };
		5C31E41E28141C7B008C42B9 /* InputView.swift in Sources */ = {isa = PBXBuildFile; fileRef = 5C31E41D28141C7B008C42B9 /* InputView.swift */; };
		5C31E42028141CA4008C42B9 /* OutputView.swift in Sources */ = {isa = PBXBuildFile; fileRef = 5C31E41F28141CA4008C42B9 /* OutputView.swift */; };
		5C31E42228141CC9008C42B9 /* KeyboardView.swift in Sources */ = {isa = PBXBuildFile; fileRef = 5C31E42128141CC9008C42B9 /* KeyboardView.swift */; };
		5C31E42428141D1B008C42B9 /* RateStateView.swift in Sources */ = {isa = PBXBuildFile; fileRef = 5C31E42328141D1B008C42B9 /* RateStateView.swift */; };
		5C31E42628141D3E008C42B9 /* CalculatorItemView.swift in Sources */ = {isa = PBXBuildFile; fileRef = 5C31E42528141D3E008C42B9 /* CalculatorItemView.swift */; };
		5C31E42A28141F1B008C42B9 /* SlideView.swift in Sources */ = {isa = PBXBuildFile; fileRef = 5C31E42928141F1B008C42B9 /* SlideView.swift */; };
		5C31E42D28142058008C42B9 /* SelectionView.swift in Sources */ = {isa = PBXBuildFile; fileRef = 5C31E42C28142058008C42B9 /* SelectionView.swift */; };
		5C31E42F281420BC008C42B9 /* CurrenciesToolbarView.swift in Sources */ = {isa = PBXBuildFile; fileRef = 5C31E42E281420BC008C42B9 /* CurrenciesToolbarView.swift */; };
		5C31E43128142110008C42B9 /* CurrenciesItemView.swift in Sources */ = {isa = PBXBuildFile; fileRef = 5C31E43028142110008C42B9 /* CurrenciesItemView.swift */; };
		5C31E4342814306D008C42B9 /* SettingsToolbarView.swift in Sources */ = {isa = PBXBuildFile; fileRef = 5C31E4332814306D008C42B9 /* SettingsToolbarView.swift */; };
		5C31E4362814308B008C42B9 /* SettingsItemView.swift in Sources */ = {isa = PBXBuildFile; fileRef = 5C31E4352814308B008C42B9 /* SettingsItemView.swift */; };
		5C31E439281431A3008C42B9 /* SelectCurrencyItemView.swift in Sources */ = {isa = PBXBuildFile; fileRef = 5C31E438281431A3008C42B9 /* SelectCurrencyItemView.swift */; };
		5C31E43F28145D32008C42B9 /* Launch Screen.storyboard in Resources */ = {isa = PBXBuildFile; fileRef = 5C31E43E28145D32008C42B9 /* Launch Screen.storyboard */; };
		5C3EB6D528775993001E822A /* SwiftMessages in Frameworks */ = {isa = PBXBuildFile; productRef = 5C3EB6D428775993001E822A /* SwiftMessages */; };
		5C3EB6D828775AFF001E822A /* GoogleMobileAds in Frameworks */ = {isa = PBXBuildFile; productRef = 5C3EB6D728775AFF001E822A /* GoogleMobileAds */; };
		5C3EB6DB28775F12001E822A /* FirebaseAnalytics in Frameworks */ = {isa = PBXBuildFile; productRef = 5C3EB6DA28775F12001E822A /* FirebaseAnalytics */; };
		5C3EB6DD28775F12001E822A /* FirebaseCrashlytics in Frameworks */ = {isa = PBXBuildFile; productRef = 5C3EB6DC28775F12001E822A /* FirebaseCrashlytics */; };
		5C4B53692818057F00D10185 /* WatchersView.swift in Sources */ = {isa = PBXBuildFile; fileRef = 5C4B53682818057F00D10185 /* WatchersView.swift */; };
		5C4B536B2818066000D10185 /* WatchersToolbarView.swift in Sources */ = {isa = PBXBuildFile; fileRef = 5C4B536A2818066000D10185 /* WatchersToolbarView.swift */; };
		5C5C0BA42874B8450061AEF9 /* NavigationStack in Frameworks */ = {isa = PBXBuildFile; productRef = 5C5C0BA32874B8450061AEF9 /* NavigationStack */; };
		5C5D09332562EB9E00DA9C4A /* Application.swift in Sources */ = {isa = PBXBuildFile; fileRef = 5C5D09322562EB9E00DA9C4A /* Application.swift */; };
		5C5D09362562EBDE00DA9C4A /* Koin.swift in Sources */ = {isa = PBXBuildFile; fileRef = 5C5D09352562EBDE00DA9C4A /* Koin.swift */; };
		5C5D09392562EC0100DA9C4A /* Extensions.swift in Sources */ = {isa = PBXBuildFile; fileRef = 5C5D09382562EC0100DA9C4A /* Extensions.swift */; };
		5C5D093C2562EC2D00DA9C4A /* CalculatorView.swift in Sources */ = {isa = PBXBuildFile; fileRef = 5C5D093B2562EC2D00DA9C4A /* CalculatorView.swift */; };
		5C693EBA25C4AFF800C9373E /* SelectCurrenciesBottomView.swift in Sources */ = {isa = PBXBuildFile; fileRef = 5C693EB925C4AFF800C9373E /* SelectCurrenciesBottomView.swift */; };
		5C6E674025C5A711001CC0D6 /* SliderView.swift in Sources */ = {isa = PBXBuildFile; fileRef = 5C6E673F25C5A711001CC0D6 /* SliderView.swift */; };
		5C6E674D25C602BE001CC0D6 /* SnackBar.swift in Sources */ = {isa = PBXBuildFile; fileRef = 5C6E674C25C602BE001CC0D6 /* SnackBar.swift */; };
		5C8EB4A9260CB5E200DC4A90 /* GoogleService-Info.plist in Resources */ = {isa = PBXBuildFile; fileRef = 5C8EB4A8260CB5E200DC4A90 /* GoogleService-Info.plist */; };
		5C8FDBDD25BF3FBE00F280FF /* ObservableSEED.swift in Sources */ = {isa = PBXBuildFile; fileRef = 5C8FDBDC25BF3FBE00F280FF /* ObservableSEED.swift */; };
		5C94AC32282FA4B2004C9B3D /* CurrencyImageView.swift in Sources */ = {isa = PBXBuildFile; fileRef = 5C94AC31282FA4B2004C9B3D /* CurrencyImageView.swift */; };
		5C9A59BB25C350DE006745B0 /* MainView.swift in Sources */ = {isa = PBXBuildFile; fileRef = 5C9A59BA25C350DE006745B0 /* MainView.swift */; };
		5C9C75C82603A36A00D66FDD /* ToolbarButton.swift in Sources */ = {isa = PBXBuildFile; fileRef = 5C9C75C72603A36A00D66FDD /* ToolbarButton.swift */; };
		5CB954BF26932408007632DC /* BannerAdView.swift in Sources */ = {isa = PBXBuildFile; fileRef = 5CB954BE26932408007632DC /* BannerAdView.swift */; };
		5CDE468425BC3B2000CA0FB1 /* SelectCurrencyView.swift in Sources */ = {isa = PBXBuildFile; fileRef = 5CDE468325BC3B2000CA0FB1 /* SelectCurrencyView.swift */; };
		5CEA86F52840CF65001386FB /* NotificationManager.swift in Sources */ = {isa = PBXBuildFile; fileRef = 5CEA86F42840CF65001386FB /* NotificationManager.swift */; };
		5CF57E3A269588060081E4BB /* RewardedAd.swift in Sources */ = {isa = PBXBuildFile; fileRef = 5CF57E39269588060081E4BB /* RewardedAd.swift */; };
		5CF57E3C2695A3B20081E4BB /* InterstitialAd.swift in Sources */ = {isa = PBXBuildFile; fileRef = 5CF57E3B2695A3B20081E4BB /* InterstitialAd.swift */; };
		5CF898D42823C1F900712580 /* WatcherItem.swift in Sources */ = {isa = PBXBuildFile; fileRef = 5CF898D32823C1F900712580 /* WatcherItem.swift */; };
		5CF8BE4227DE205B00E441F5 /* MailView.swift in Sources */ = {isa = PBXBuildFile; fileRef = 5CF8BE4127DE205B00E441F5 /* MailView.swift */; };
		5CF8BE4627DE334100E441F5 /* WebView.swift in Sources */ = {isa = PBXBuildFile; fileRef = 5CF8BE4527DE334100E441F5 /* WebView.swift */; };
		7555FF85242A565B00829871 /* Assets.xcassets in Resources */ = {isa = PBXBuildFile; fileRef = 7555FF84242A565B00829871 /* Assets.xcassets */; };
		7555FF88242A565B00829871 /* Preview Assets.xcassets in Resources */ = {isa = PBXBuildFile; fileRef = 7555FF87242A565B00829871 /* Preview Assets.xcassets */; };
/* End PBXBuildFile section */

/* Begin PBXCopyFilesBuildPhase section */
		7555FFB4242A642300829871 /* Embed Frameworks */ = {
			isa = PBXCopyFilesBuildPhase;
			buildActionMask = 2147483647;
			dstPath = "";
			dstSubfolderSpec = 10;
			files = (
			);
			name = "Embed Frameworks";
			runOnlyForDeploymentPostprocessing = 0;
		};
/* End PBXCopyFilesBuildPhase section */

/* Begin PBXFileReference section */
		341CA58575E08166F616E331 /* Pods_CCC.framework */ = {isa = PBXFileReference; explicitFileType = wrapper.framework; includeInIndex = 0; path = Pods_CCC.framework; sourceTree = BUILT_PRODUCTS_DIR; };
		5C039FD525C1B705008350A3 /* FormProgressView.swift */ = {isa = PBXFileReference; lastKnownFileType = sourcecode.swift; path = FormProgressView.swift; sourceTree = "<group>"; };
		5C17581925BC74BD00D16BD9 /* SettingsView.swift */ = {isa = PBXFileReference; lastKnownFileType = sourcecode.swift; path = SettingsView.swift; sourceTree = "<group>"; };
		5C314CBD25BA0AC0007B22D8 /* CurrenciesView.swift */ = {isa = PBXFileReference; lastKnownFileType = sourcecode.swift; path = CurrenciesView.swift; sourceTree = "<group>"; };
		5C31E41D28141C7B008C42B9 /* InputView.swift */ = {isa = PBXFileReference; lastKnownFileType = sourcecode.swift; path = InputView.swift; sourceTree = "<group>"; };
		5C31E41F28141CA4008C42B9 /* OutputView.swift */ = {isa = PBXFileReference; lastKnownFileType = sourcecode.swift; path = OutputView.swift; sourceTree = "<group>"; };
		5C31E42128141CC9008C42B9 /* KeyboardView.swift */ = {isa = PBXFileReference; lastKnownFileType = sourcecode.swift; path = KeyboardView.swift; sourceTree = "<group>"; };
		5C31E42328141D1B008C42B9 /* RateStateView.swift */ = {isa = PBXFileReference; lastKnownFileType = sourcecode.swift; path = RateStateView.swift; sourceTree = "<group>"; };
		5C31E42528141D3E008C42B9 /* CalculatorItemView.swift */ = {isa = PBXFileReference; lastKnownFileType = sourcecode.swift; path = CalculatorItemView.swift; sourceTree = "<group>"; };
		5C31E42928141F1B008C42B9 /* SlideView.swift */ = {isa = PBXFileReference; lastKnownFileType = sourcecode.swift; path = SlideView.swift; sourceTree = "<group>"; };
		5C31E42C28142058008C42B9 /* SelectionView.swift */ = {isa = PBXFileReference; lastKnownFileType = sourcecode.swift; path = SelectionView.swift; sourceTree = "<group>"; };
		5C31E42E281420BC008C42B9 /* CurrenciesToolbarView.swift */ = {isa = PBXFileReference; lastKnownFileType = sourcecode.swift; path = CurrenciesToolbarView.swift; sourceTree = "<group>"; };
		5C31E43028142110008C42B9 /* CurrenciesItemView.swift */ = {isa = PBXFileReference; lastKnownFileType = sourcecode.swift; path = CurrenciesItemView.swift; sourceTree = "<group>"; };
		5C31E4332814306D008C42B9 /* SettingsToolbarView.swift */ = {isa = PBXFileReference; lastKnownFileType = sourcecode.swift; path = SettingsToolbarView.swift; sourceTree = "<group>"; };
		5C31E4352814308B008C42B9 /* SettingsItemView.swift */ = {isa = PBXFileReference; lastKnownFileType = sourcecode.swift; path = SettingsItemView.swift; sourceTree = "<group>"; };
		5C31E438281431A3008C42B9 /* SelectCurrencyItemView.swift */ = {isa = PBXFileReference; lastKnownFileType = sourcecode.swift; path = SelectCurrencyItemView.swift; sourceTree = "<group>"; };
		5C31E43E28145D32008C42B9 /* Launch Screen.storyboard */ = {isa = PBXFileReference; lastKnownFileType = file.storyboard; path = "Launch Screen.storyboard"; sourceTree = "<group>"; };
		5C4B53682818057F00D10185 /* WatchersView.swift */ = {isa = PBXFileReference; lastKnownFileType = sourcecode.swift; path = WatchersView.swift; sourceTree = "<group>"; };
		5C4B536A2818066000D10185 /* WatchersToolbarView.swift */ = {isa = PBXFileReference; lastKnownFileType = sourcecode.swift; path = WatchersToolbarView.swift; sourceTree = "<group>"; };
		5C5D09322562EB9E00DA9C4A /* Application.swift */ = {isa = PBXFileReference; lastKnownFileType = sourcecode.swift; path = Application.swift; sourceTree = "<group>"; };
		5C5D09352562EBDE00DA9C4A /* Koin.swift */ = {isa = PBXFileReference; lastKnownFileType = sourcecode.swift; path = Koin.swift; sourceTree = "<group>"; };
		5C5D09382562EC0100DA9C4A /* Extensions.swift */ = {isa = PBXFileReference; lastKnownFileType = sourcecode.swift; path = Extensions.swift; sourceTree = "<group>"; };
		5C5D093B2562EC2D00DA9C4A /* CalculatorView.swift */ = {isa = PBXFileReference; lastKnownFileType = sourcecode.swift; path = CalculatorView.swift; sourceTree = "<group>"; };
		5C693EB925C4AFF800C9373E /* SelectCurrenciesBottomView.swift */ = {isa = PBXFileReference; lastKnownFileType = sourcecode.swift; path = SelectCurrenciesBottomView.swift; sourceTree = "<group>"; };
		5C6E673F25C5A711001CC0D6 /* SliderView.swift */ = {isa = PBXFileReference; lastKnownFileType = sourcecode.swift; path = SliderView.swift; sourceTree = "<group>"; };
		5C6E674C25C602BE001CC0D6 /* SnackBar.swift */ = {isa = PBXFileReference; lastKnownFileType = sourcecode.swift; path = SnackBar.swift; sourceTree = "<group>"; };
		5C8EB4A8260CB5E200DC4A90 /* GoogleService-Info.plist */ = {isa = PBXFileReference; fileEncoding = 4; lastKnownFileType = text.plist.xml; path = "GoogleService-Info.plist"; sourceTree = "<group>"; };
		5C8FDBDC25BF3FBE00F280FF /* ObservableSEED.swift */ = {isa = PBXFileReference; lastKnownFileType = sourcecode.swift; path = ObservableSEED.swift; sourceTree = "<group>"; };
		5C94AC31282FA4B2004C9B3D /* CurrencyImageView.swift */ = {isa = PBXFileReference; lastKnownFileType = sourcecode.swift; path = CurrencyImageView.swift; sourceTree = "<group>"; };
		5C9A59BA25C350DE006745B0 /* MainView.swift */ = {isa = PBXFileReference; lastKnownFileType = sourcecode.swift; path = MainView.swift; sourceTree = "<group>"; };
		5C9C75C72603A36A00D66FDD /* ToolbarButton.swift */ = {isa = PBXFileReference; lastKnownFileType = sourcecode.swift; path = ToolbarButton.swift; sourceTree = "<group>"; };
		5CB954BE26932408007632DC /* BannerAdView.swift */ = {isa = PBXFileReference; lastKnownFileType = sourcecode.swift; path = BannerAdView.swift; sourceTree = "<group>"; };
		5CB954C526934EFC007632DC /* Release.xcconfig */ = {isa = PBXFileReference; lastKnownFileType = text.xcconfig; path = Release.xcconfig; sourceTree = "<group>"; };
		5CB954CD269362E2007632DC /* Debug.xcconfig */ = {isa = PBXFileReference; lastKnownFileType = text.xcconfig; path = Debug.xcconfig; sourceTree = "<group>"; };
		5CDE468325BC3B2000CA0FB1 /* SelectCurrencyView.swift */ = {isa = PBXFileReference; lastKnownFileType = sourcecode.swift; path = SelectCurrencyView.swift; sourceTree = "<group>"; };
		5CEA86F42840CF65001386FB /* NotificationManager.swift */ = {isa = PBXFileReference; lastKnownFileType = sourcecode.swift; path = NotificationManager.swift; sourceTree = "<group>"; };
		5CF57E39269588060081E4BB /* RewardedAd.swift */ = {isa = PBXFileReference; lastKnownFileType = sourcecode.swift; path = RewardedAd.swift; sourceTree = "<group>"; };
		5CF57E3B2695A3B20081E4BB /* InterstitialAd.swift */ = {isa = PBXFileReference; lastKnownFileType = sourcecode.swift; path = InterstitialAd.swift; sourceTree = "<group>"; };
		5CF898D32823C1F900712580 /* WatcherItem.swift */ = {isa = PBXFileReference; lastKnownFileType = sourcecode.swift; path = WatcherItem.swift; sourceTree = "<group>"; };
		5CF8BE4127DE205B00E441F5 /* MailView.swift */ = {isa = PBXFileReference; lastKnownFileType = sourcecode.swift; path = MailView.swift; sourceTree = "<group>"; };
		5CF8BE4527DE334100E441F5 /* WebView.swift */ = {isa = PBXFileReference; lastKnownFileType = sourcecode.swift; path = WebView.swift; sourceTree = "<group>"; };
		7555FF7B242A565900829871 /* CCC.app */ = {isa = PBXFileReference; explicitFileType = wrapper.application; includeInIndex = 0; path = CCC.app; sourceTree = BUILT_PRODUCTS_DIR; };
		7555FF84242A565B00829871 /* Assets.xcassets */ = {isa = PBXFileReference; lastKnownFileType = folder.assetcatalog; path = Assets.xcassets; sourceTree = "<group>"; };
		7555FF87242A565B00829871 /* Preview Assets.xcassets */ = {isa = PBXFileReference; lastKnownFileType = folder.assetcatalog; path = "Preview Assets.xcassets"; sourceTree = "<group>"; };
		7555FF8C242A565B00829871 /* Info.plist */ = {isa = PBXFileReference; lastKnownFileType = text.plist.xml; path = Info.plist; sourceTree = "<group>"; };
		CB3F2CB9B5D0920F890DA73A /* Pods-CCC.debug.xcconfig */ = {isa = PBXFileReference; includeInIndex = 1; lastKnownFileType = text.xcconfig; name = "Pods-CCC.debug.xcconfig"; path = "Target Support Files/Pods-CCC/Pods-CCC.debug.xcconfig"; sourceTree = "<group>"; };
		FF1FD2425A9A57DA8C484F81 /* Pods-CCC.release.xcconfig */ = {isa = PBXFileReference; includeInIndex = 1; lastKnownFileType = text.xcconfig; name = "Pods-CCC.release.xcconfig"; path = "Target Support Files/Pods-CCC/Pods-CCC.release.xcconfig"; sourceTree = "<group>"; };
/* End PBXFileReference section */

/* Begin PBXFrameworksBuildPhase section */
		7555FF78242A565900829871 /* Frameworks */ = {
			isa = PBXFrameworksBuildPhase;
			buildActionMask = 2147483647;
			files = (
				5C3EB6D828775AFF001E822A /* GoogleMobileAds in Frameworks */,
				15A796074B10DEA83142F40F /* Pods_CCC.framework in Frameworks */,
				5C3EB6D528775993001E822A /* SwiftMessages in Frameworks */,
				5C3EB6DD28775F12001E822A /* FirebaseCrashlytics in Frameworks */,
				5C3EB6DB28775F12001E822A /* FirebaseAnalytics in Frameworks */,
				5C5C0BA42874B8450061AEF9 /* NavigationStack in Frameworks */,
			);
			runOnlyForDeploymentPostprocessing = 0;
		};
/* End PBXFrameworksBuildPhase section */

/* Begin PBXGroup section */
		5C039FD425C1B6A2008350A3 /* SubView */ = {
			isa = PBXGroup;
			children = (
				5CB954BE26932408007632DC /* BannerAdView.swift */,
				5C039FD525C1B705008350A3 /* FormProgressView.swift */,
				5C693EB925C4AFF800C9373E /* SelectCurrenciesBottomView.swift */,
				5C9C75C72603A36A00D66FDD /* ToolbarButton.swift */,
				5CF8BE4127DE205B00E441F5 /* MailView.swift */,
				5CF8BE4527DE334100E441F5 /* WebView.swift */,
				5C94AC31282FA4B2004C9B3D /* CurrencyImageView.swift */,
			);
			path = SubView;
			sourceTree = "<group>";
		};
		5C31E41C28141C61008C42B9 /* Calculator */ = {
			isa = PBXGroup;
			children = (
				5C5D093B2562EC2D00DA9C4A /* CalculatorView.swift */,
				5C31E41D28141C7B008C42B9 /* InputView.swift */,
				5C31E41F28141CA4008C42B9 /* OutputView.swift */,
				5C31E42128141CC9008C42B9 /* KeyboardView.swift */,
				5C31E42328141D1B008C42B9 /* RateStateView.swift */,
				5C31E42528141D3E008C42B9 /* CalculatorItemView.swift */,
			);
			path = Calculator;
			sourceTree = "<group>";
		};
		5C31E42728141EDF008C42B9 /* Main */ = {
			isa = PBXGroup;
			children = (
				5C9A59BA25C350DE006745B0 /* MainView.swift */,
			);
			path = Main;
			sourceTree = "<group>";
		};
		5C31E42828141EFA008C42B9 /* Slider */ = {
			isa = PBXGroup;
			children = (
				5C6E673F25C5A711001CC0D6 /* SliderView.swift */,
				5C31E42928141F1B008C42B9 /* SlideView.swift */,
			);
			path = Slider;
			sourceTree = "<group>";
		};
		5C31E42B28142033008C42B9 /* Currencies */ = {
			isa = PBXGroup;
			children = (
				5C314CBD25BA0AC0007B22D8 /* CurrenciesView.swift */,
				5C31E42C28142058008C42B9 /* SelectionView.swift */,
				5C31E42E281420BC008C42B9 /* CurrenciesToolbarView.swift */,
				5C31E43028142110008C42B9 /* CurrenciesItemView.swift */,
			);
			path = Currencies;
			sourceTree = "<group>";
		};
		5C31E4322814304F008C42B9 /* Settings */ = {
			isa = PBXGroup;
			children = (
				5C17581925BC74BD00D16BD9 /* SettingsView.swift */,
				5C31E4332814306D008C42B9 /* SettingsToolbarView.swift */,
				5C31E4352814308B008C42B9 /* SettingsItemView.swift */,
			);
			path = Settings;
			sourceTree = "<group>";
		};
		5C4B53652818053E00D10185 /* Watchers */ = {
			isa = PBXGroup;
			children = (
				5C4B53682818057F00D10185 /* WatchersView.swift */,
				5C4B536A2818066000D10185 /* WatchersToolbarView.swift */,
				5CF898D32823C1F900712580 /* WatcherItem.swift */,
			);
			path = Watchers;
			sourceTree = "<group>";
		};
		5C4B536E28184AEA00D10185 /* SelectCurrency */ = {
			isa = PBXGroup;
			children = (
				5CDE468325BC3B2000CA0FB1 /* SelectCurrencyView.swift */,
				5C31E438281431A3008C42B9 /* SelectCurrencyItemView.swift */,
			);
			path = SelectCurrency;
			sourceTree = "<group>";
		};
		5C5D09342562EBCA00DA9C4A /* DI */ = {
			isa = PBXGroup;
			children = (
				5C5D09352562EBDE00DA9C4A /* Koin.swift */,
			);
			path = DI;
			sourceTree = "<group>";
		};
		5C5D093A2562EC1300DA9C4A /* UI */ = {
			isa = PBXGroup;
			children = (
				5C31E42728141EDF008C42B9 /* Main */,
				5C31E42828141EFA008C42B9 /* Slider */,
				5C31E41C28141C61008C42B9 /* Calculator */,
				5C31E42B28142033008C42B9 /* Currencies */,
				5C31E4322814304F008C42B9 /* Settings */,
				5C4B53652818053E00D10185 /* Watchers */,
				5C4B536E28184AEA00D10185 /* SelectCurrency */,
				5C039FD425C1B6A2008350A3 /* SubView */,
			);
			path = UI;
			sourceTree = "<group>";
		};
		5C5D093D2562EC5800DA9C4A /* Resources */ = {
			isa = PBXGroup;
			children = (
				7555FF84242A565B00829871 /* Assets.xcassets */,
				7555FF8C242A565B00829871 /* Info.plist */,
				5C8EB4A8260CB5E200DC4A90 /* GoogleService-Info.plist */,
				5CB954C526934EFC007632DC /* Release.xcconfig */,
				5CB954CD269362E2007632DC /* Debug.xcconfig */,
				5C31E43E28145D32008C42B9 /* Launch Screen.storyboard */,
			);
			path = Resources;
			sourceTree = "<group>";
		};
		5C6E674325C5C870001CC0D6 /* Util */ = {
			isa = PBXGroup;
			children = (
				5C8FDBDC25BF3FBE00F280FF /* ObservableSEED.swift */,
				5C5D09382562EC0100DA9C4A /* Extensions.swift */,
				5C6E674C25C602BE001CC0D6 /* SnackBar.swift */,
				5CF57E39269588060081E4BB /* RewardedAd.swift */,
				5CF57E3B2695A3B20081E4BB /* InterstitialAd.swift */,
				5CEA86F42840CF65001386FB /* NotificationManager.swift */,
			);
			path = Util;
			sourceTree = "<group>";
		};
		7555FF72242A565900829871 = {
			isa = PBXGroup;
			children = (
				7555FF7D242A565900829871 /* CCC */,
				7555FF7C242A565900829871 /* Products */,
				7555FFB0242A642200829871 /* Frameworks */,
				E1A41654A700B91B0C52E7DE /* Pods */,
			);
			sourceTree = "<group>";
		};
		7555FF7C242A565900829871 /* Products */ = {
			isa = PBXGroup;
			children = (
				7555FF7B242A565900829871 /* CCC.app */,
			);
			name = Products;
			sourceTree = "<group>";
		};
		7555FF7D242A565900829871 /* CCC */ = {
			isa = PBXGroup;
			children = (
				5C5D09322562EB9E00DA9C4A /* Application.swift */,
				5C5D09342562EBCA00DA9C4A /* DI */,
				5C5D093A2562EC1300DA9C4A /* UI */,
				5C6E674325C5C870001CC0D6 /* Util */,
				5C5D093D2562EC5800DA9C4A /* Resources */,
				7555FF86242A565B00829871 /* Preview Content */,
			);
			path = CCC;
			sourceTree = "<group>";
		};
		7555FF86242A565B00829871 /* Preview Content */ = {
			isa = PBXGroup;
			children = (
				7555FF87242A565B00829871 /* Preview Assets.xcassets */,
			);
			path = "Preview Content";
			sourceTree = "<group>";
		};
		7555FFB0242A642200829871 /* Frameworks */ = {
			isa = PBXGroup;
			children = (
				341CA58575E08166F616E331 /* Pods_CCC.framework */,
			);
			name = Frameworks;
			sourceTree = "<group>";
		};
		E1A41654A700B91B0C52E7DE /* Pods */ = {
			isa = PBXGroup;
			children = (
				CB3F2CB9B5D0920F890DA73A /* Pods-CCC.debug.xcconfig */,
				FF1FD2425A9A57DA8C484F81 /* Pods-CCC.release.xcconfig */,
			);
			path = Pods;
			sourceTree = "<group>";
		};
/* End PBXGroup section */

/* Begin PBXNativeTarget section */
		7555FF7A242A565900829871 /* CCC */ = {
			isa = PBXNativeTarget;
			buildConfigurationList = 7555FFA5242A565B00829871 /* Build configuration list for PBXNativeTarget "CCC" */;
			buildPhases = (
				ABAB7B6EBA5C48167F3A008C /* [CP] Check Pods Manifest.lock */,
				7555FFB5242A651A00829871 /* ShellScript */,
				7555FF77242A565900829871 /* Sources */,
				7555FF78242A565900829871 /* Frameworks */,
				7555FF79242A565900829871 /* Resources */,
				7555FFB4242A642300829871 /* Embed Frameworks */,
				5C3BC744289D7B2C009F1073 /* Firebase Crashlytics */,
			);
			buildRules = (
			);
			dependencies = (
			);
			name = CCC;
			packageProductDependencies = (
				5C5C0BA32874B8450061AEF9 /* NavigationStack */,
				5C3EB6D428775993001E822A /* SwiftMessages */,
				5C3EB6D728775AFF001E822A /* GoogleMobileAds */,
				5C3EB6DA28775F12001E822A /* FirebaseAnalytics */,
				5C3EB6DC28775F12001E822A /* FirebaseCrashlytics */,
			);
			productName = CCC;
			productReference = 7555FF7B242A565900829871 /* CCC.app */;
			productType = "com.apple.product-type.application";
		};
/* End PBXNativeTarget section */

/* Begin PBXProject section */
		7555FF73242A565900829871 /* Project object */ = {
			isa = PBXProject;
			attributes = {
				LastSwiftUpdateCheck = 1130;
				LastUpgradeCheck = 1300;
				ORGANIZATIONNAME = orgName;
				TargetAttributes = {
					7555FF7A242A565900829871 = {
						CreatedOnToolsVersion = 11.3.1;
					};
				};
			};
			buildConfigurationList = 7555FF76242A565900829871 /* Build configuration list for PBXProject "CCC" */;
			compatibilityVersion = "Xcode 9.3";
			developmentRegion = en;
			hasScannedForEncodings = 0;
			knownRegions = (
				en,
				Base,
			);
			mainGroup = 7555FF72242A565900829871;
			packageReferences = (
				5C5C0BA22874B8450061AEF9 /* XCRemoteSwiftPackageReference "swiftui-navigation-stack" */,
				5C3EB6D328775993001E822A /* XCRemoteSwiftPackageReference "SwiftMessages" */,
				5C3EB6D628775AFF001E822A /* XCRemoteSwiftPackageReference "swift-package-manager-google-mobile-ads" */,
				5C3EB6D928775F12001E822A /* XCRemoteSwiftPackageReference "firebase-ios-sdk" */,
			);
			productRefGroup = 7555FF7C242A565900829871 /* Products */;
			projectDirPath = "";
			projectRoot = "";
			targets = (
				7555FF7A242A565900829871 /* CCC */,
			);
		};
/* End PBXProject section */

/* Begin PBXResourcesBuildPhase section */
		7555FF79242A565900829871 /* Resources */ = {
			isa = PBXResourcesBuildPhase;
			buildActionMask = 2147483647;
			files = (
				7555FF88242A565B00829871 /* Preview Assets.xcassets in Resources */,
				7555FF85242A565B00829871 /* Assets.xcassets in Resources */,
				5C31E43F28145D32008C42B9 /* Launch Screen.storyboard in Resources */,
				5C8EB4A9260CB5E200DC4A90 /* GoogleService-Info.plist in Resources */,
			);
			runOnlyForDeploymentPostprocessing = 0;
		};
/* End PBXResourcesBuildPhase section */

/* Begin PBXShellScriptBuildPhase section */
		5C3BC744289D7B2C009F1073 /* Firebase Crashlytics */ = {
			isa = PBXShellScriptBuildPhase;
			buildActionMask = 2147483647;
			files = (
			);
			inputFileListPaths = (
			);
			inputPaths = (
				"${DWARF_DSYM_FOLDER_PATH}/${DWARF_DSYM_FILE_NAME}/Contents/Resources/DWARF/${TARGET_NAME}",
				"$(SRCROOT)/$(BUILT_PRODUCTS_DIR)/$(INFOPLIST_PATH)",
			);
			name = "Firebase Crashlytics";
			outputFileListPaths = (
			);
			outputPaths = (
			);
			runOnlyForDeploymentPostprocessing = 0;
			shellPath = /bin/sh;
			shellScript = "# Type a script or drag a script file from your workspace to insert its path.\n\nif [ \"${CONFIGURATION}\" = \"Release\" ]; then\n    \"${BUILD_DIR%/Build/*}/SourcePackages/checkouts/firebase-ios-sdk/Crashlytics/run\"\nfi\n";
		};
		7555FFB5242A651A00829871 /* ShellScript */ = {
			isa = PBXShellScriptBuildPhase;
			buildActionMask = 12;
			files = (
			);
			inputFileListPaths = (
			);
			inputPaths = (
			);
			outputFileListPaths = (
			);
			outputPaths = (
			);
			runOnlyForDeploymentPostprocessing = 0;
			shellPath = /bin/sh;
			shellScript = "if which swiftlint >/dev/null; then\n  swiftlint --no-cache\nelse\n  echo \"warning: SwiftLint not installed, download from https://github.com/realm/SwiftLint\"\nfi\n\ncd \"$SRCROOT/..\"\n\n./gradlew :res:embedAndSignAppleFrameworkForXcode\n\n\"$SRCROOT/../gradlew\" -p \"$SRCROOT/../\" :res:copyFrameworkResourcesToApp \\\n    -Pmoko.resources.PLATFORM_NAME=$PLATFORM_NAME \\\n    -Pmoko.resources.CONFIGURATION=$CONFIGURATION \\\n    -Pmoko.resources.BUILT_PRODUCTS_DIR=$BUILT_PRODUCTS_DIR \\\n    -Pmoko.resources.CONTENTS_FOLDER_PATH=$CONTENTS_FOLDER_PATH\n";
		};
		ABAB7B6EBA5C48167F3A008C /* [CP] Check Pods Manifest.lock */ = {
			isa = PBXShellScriptBuildPhase;
			buildActionMask = 2147483647;
			files = (
			);
			inputFileListPaths = (
			);
			inputPaths = (
				"${PODS_PODFILE_DIR_PATH}/Podfile.lock",
				"${PODS_ROOT}/Manifest.lock",
			);
			name = "[CP] Check Pods Manifest.lock";
			outputFileListPaths = (
			);
			outputPaths = (
				"$(DERIVED_FILE_DIR)/Pods-CCC-checkManifestLockResult.txt",
			);
			runOnlyForDeploymentPostprocessing = 0;
			shellPath = /bin/sh;
			shellScript = "diff \"${PODS_PODFILE_DIR_PATH}/Podfile.lock\" \"${PODS_ROOT}/Manifest.lock\" > /dev/null\nif [ $? != 0 ] ; then\n    # print error to STDERR\n    echo \"error: The sandbox is not in sync with the Podfile.lock. Run 'pod install' or update your CocoaPods installation.\" >&2\n    exit 1\nfi\n# This output is used by Xcode 'outputs' to avoid re-running this script phase.\necho \"SUCCESS\" > \"${SCRIPT_OUTPUT_FILE_0}\"\n";
			showEnvVarsInLog = 0;
		};
/* End PBXShellScriptBuildPhase section */

/* Begin PBXSourcesBuildPhase section */
		7555FF77242A565900829871 /* Sources */ = {
			isa = PBXSourcesBuildPhase;
			buildActionMask = 2147483647;
			files = (
				5C314CBE25BA0AC0007B22D8 /* CurrenciesView.swift in Sources */,
				5C94AC32282FA4B2004C9B3D /* CurrencyImageView.swift in Sources */,
				5C4B536B2818066000D10185 /* WatchersToolbarView.swift in Sources */,
				5CF898D42823C1F900712580 /* WatcherItem.swift in Sources */,
				5CB954BF26932408007632DC /* BannerAdView.swift in Sources */,
				5C31E42428141D1B008C42B9 /* RateStateView.swift in Sources */,
				5CF57E3A269588060081E4BB /* RewardedAd.swift in Sources */,
				5C9C75C82603A36A00D66FDD /* ToolbarButton.swift in Sources */,
				5CF8BE4227DE205B00E441F5 /* MailView.swift in Sources */,
				5C31E4362814308B008C42B9 /* SettingsItemView.swift in Sources */,
				5C4B53692818057F00D10185 /* WatchersView.swift in Sources */,
				5C6E674025C5A711001CC0D6 /* SliderView.swift in Sources */,
				5C31E42628141D3E008C42B9 /* CalculatorItemView.swift in Sources */,
				5C039FD625C1B705008350A3 /* FormProgressView.swift in Sources */,
				5C8FDBDD25BF3FBE00F280FF /* ObservableSEED.swift in Sources */,
				5C6E674D25C602BE001CC0D6 /* SnackBar.swift in Sources */,
				5CDE468425BC3B2000CA0FB1 /* SelectCurrencyView.swift in Sources */,
				5C31E43128142110008C42B9 /* CurrenciesItemView.swift in Sources */,
				5C31E42028141CA4008C42B9 /* OutputView.swift in Sources */,
				5C9A59BB25C350DE006745B0 /* MainView.swift in Sources */,
				5C5D09362562EBDE00DA9C4A /* Koin.swift in Sources */,
				5C31E42D28142058008C42B9 /* SelectionView.swift in Sources */,
				5C5D093C2562EC2D00DA9C4A /* CalculatorView.swift in Sources */,
				5CF8BE4627DE334100E441F5 /* WebView.swift in Sources */,
				5C31E42228141CC9008C42B9 /* KeyboardView.swift in Sources */,
				5C31E4342814306D008C42B9 /* SettingsToolbarView.swift in Sources */,
				5CF57E3C2695A3B20081E4BB /* InterstitialAd.swift in Sources */,
				5C5D09392562EC0100DA9C4A /* Extensions.swift in Sources */,
				5C17581A25BC74BD00D16BD9 /* SettingsView.swift in Sources */,
				5C5D09332562EB9E00DA9C4A /* Application.swift in Sources */,
				5CEA86F52840CF65001386FB /* NotificationManager.swift in Sources */,
				5C693EBA25C4AFF800C9373E /* SelectCurrenciesBottomView.swift in Sources */,
				5C31E41E28141C7B008C42B9 /* InputView.swift in Sources */,
				5C31E42A28141F1B008C42B9 /* SlideView.swift in Sources */,
				5C31E439281431A3008C42B9 /* SelectCurrencyItemView.swift in Sources */,
				5C31E42F281420BC008C42B9 /* CurrenciesToolbarView.swift in Sources */,
			);
			runOnlyForDeploymentPostprocessing = 0;
		};
/* End PBXSourcesBuildPhase section */

/* Begin XCBuildConfiguration section */
		7555FFA3242A565B00829871 /* Debug */ = {
			isa = XCBuildConfiguration;
			baseConfigurationReference = 5CB954CD269362E2007632DC /* Debug.xcconfig */;
			buildSettings = {
				ALWAYS_SEARCH_USER_PATHS = NO;
				CLANG_ANALYZER_NONNULL = YES;
				CLANG_ANALYZER_NUMBER_OBJECT_CONVERSION = YES_AGGRESSIVE;
				CLANG_CXX_LANGUAGE_STANDARD = "gnu++14";
				CLANG_CXX_LIBRARY = "libc++";
				CLANG_ENABLE_MODULES = YES;
				CLANG_ENABLE_OBJC_ARC = YES;
				CLANG_ENABLE_OBJC_WEAK = YES;
				CLANG_WARN_BLOCK_CAPTURE_AUTORELEASING = YES;
				CLANG_WARN_BOOL_CONVERSION = YES;
				CLANG_WARN_COMMA = YES;
				CLANG_WARN_CONSTANT_CONVERSION = YES;
				CLANG_WARN_DEPRECATED_OBJC_IMPLEMENTATIONS = YES;
				CLANG_WARN_DIRECT_OBJC_ISA_USAGE = YES_ERROR;
				CLANG_WARN_DOCUMENTATION_COMMENTS = YES;
				CLANG_WARN_EMPTY_BODY = YES;
				CLANG_WARN_ENUM_CONVERSION = YES;
				CLANG_WARN_INFINITE_RECURSION = YES;
				CLANG_WARN_INT_CONVERSION = YES;
				CLANG_WARN_NON_LITERAL_NULL_CONVERSION = YES;
				CLANG_WARN_OBJC_IMPLICIT_RETAIN_SELF = YES;
				CLANG_WARN_OBJC_LITERAL_CONVERSION = YES;
				CLANG_WARN_OBJC_ROOT_CLASS = YES_ERROR;
				CLANG_WARN_QUOTED_INCLUDE_IN_FRAMEWORK_HEADER = YES;
				CLANG_WARN_RANGE_LOOP_ANALYSIS = YES;
				CLANG_WARN_STRICT_PROTOTYPES = YES;
				CLANG_WARN_SUSPICIOUS_MOVE = YES;
				CLANG_WARN_UNGUARDED_AVAILABILITY = YES_AGGRESSIVE;
				CLANG_WARN_UNREACHABLE_CODE = YES;
				CLANG_WARN__DUPLICATE_METHOD_MATCH = YES;
				COPY_PHASE_STRIP = NO;
				DEBUG_INFORMATION_FORMAT = "dwarf-with-dsym";
				ENABLE_STRICT_OBJC_MSGSEND = YES;
				ENABLE_TESTABILITY = YES;
				GCC_C_LANGUAGE_STANDARD = gnu11;
				GCC_DYNAMIC_NO_PIC = NO;
				GCC_NO_COMMON_BLOCKS = YES;
				GCC_OPTIMIZATION_LEVEL = 0;
				GCC_PREPROCESSOR_DEFINITIONS = (
					"DEBUG=1",
					"$(inherited)",
				);
				GCC_WARN_64_TO_32_BIT_CONVERSION = YES;
				GCC_WARN_ABOUT_RETURN_TYPE = YES_ERROR;
				GCC_WARN_UNDECLARED_SELECTOR = YES;
				GCC_WARN_UNINITIALIZED_AUTOS = YES_AGGRESSIVE;
				GCC_WARN_UNUSED_FUNCTION = YES;
				GCC_WARN_UNUSED_VARIABLE = YES;
				IPHONEOS_DEPLOYMENT_TARGET = 14.0;
				MTL_ENABLE_DEBUG_INFO = INCLUDE_SOURCE;
				MTL_FAST_MATH = YES;
				ONLY_ACTIVE_ARCH = YES;
				SDKROOT = iphoneos;
				SWIFT_ACTIVE_COMPILATION_CONDITIONS = DEBUG;
				SWIFT_OPTIMIZATION_LEVEL = "-Onone";
			};
			name = Debug;
		};
		7555FFA4242A565B00829871 /* Release */ = {
			isa = XCBuildConfiguration;
			baseConfigurationReference = 5CB954C526934EFC007632DC /* Release.xcconfig */;
			buildSettings = {
				ALWAYS_SEARCH_USER_PATHS = NO;
				CLANG_ANALYZER_NONNULL = YES;
				CLANG_ANALYZER_NUMBER_OBJECT_CONVERSION = YES_AGGRESSIVE;
				CLANG_CXX_LANGUAGE_STANDARD = "gnu++14";
				CLANG_CXX_LIBRARY = "libc++";
				CLANG_ENABLE_MODULES = YES;
				CLANG_ENABLE_OBJC_ARC = YES;
				CLANG_ENABLE_OBJC_WEAK = YES;
				CLANG_WARN_BLOCK_CAPTURE_AUTORELEASING = YES;
				CLANG_WARN_BOOL_CONVERSION = YES;
				CLANG_WARN_COMMA = YES;
				CLANG_WARN_CONSTANT_CONVERSION = YES;
				CLANG_WARN_DEPRECATED_OBJC_IMPLEMENTATIONS = YES;
				CLANG_WARN_DIRECT_OBJC_ISA_USAGE = YES_ERROR;
				CLANG_WARN_DOCUMENTATION_COMMENTS = YES;
				CLANG_WARN_EMPTY_BODY = YES;
				CLANG_WARN_ENUM_CONVERSION = YES;
				CLANG_WARN_INFINITE_RECURSION = YES;
				CLANG_WARN_INT_CONVERSION = YES;
				CLANG_WARN_NON_LITERAL_NULL_CONVERSION = YES;
				CLANG_WARN_OBJC_IMPLICIT_RETAIN_SELF = YES;
				CLANG_WARN_OBJC_LITERAL_CONVERSION = YES;
				CLANG_WARN_OBJC_ROOT_CLASS = YES_ERROR;
				CLANG_WARN_QUOTED_INCLUDE_IN_FRAMEWORK_HEADER = YES;
				CLANG_WARN_RANGE_LOOP_ANALYSIS = YES;
				CLANG_WARN_STRICT_PROTOTYPES = YES;
				CLANG_WARN_SUSPICIOUS_MOVE = YES;
				CLANG_WARN_UNGUARDED_AVAILABILITY = YES_AGGRESSIVE;
				CLANG_WARN_UNREACHABLE_CODE = YES;
				CLANG_WARN__DUPLICATE_METHOD_MATCH = YES;
				COPY_PHASE_STRIP = NO;
				DEBUG_INFORMATION_FORMAT = "dwarf-with-dsym";
				ENABLE_NS_ASSERTIONS = NO;
				ENABLE_STRICT_OBJC_MSGSEND = YES;
				GCC_C_LANGUAGE_STANDARD = gnu11;
				GCC_NO_COMMON_BLOCKS = YES;
				GCC_WARN_64_TO_32_BIT_CONVERSION = YES;
				GCC_WARN_ABOUT_RETURN_TYPE = YES_ERROR;
				GCC_WARN_UNDECLARED_SELECTOR = YES;
				GCC_WARN_UNINITIALIZED_AUTOS = YES_AGGRESSIVE;
				GCC_WARN_UNUSED_FUNCTION = YES;
				GCC_WARN_UNUSED_VARIABLE = YES;
				IPHONEOS_DEPLOYMENT_TARGET = 14.0;
				MTL_ENABLE_DEBUG_INFO = NO;
				MTL_FAST_MATH = YES;
				SDKROOT = iphoneos;
				SWIFT_COMPILATION_MODE = wholemodule;
				SWIFT_OPTIMIZATION_LEVEL = "-O";
				VALIDATE_PRODUCT = YES;
			};
			name = Release;
		};
		7555FFA6242A565B00829871 /* Debug */ = {
			isa = XCBuildConfiguration;
			baseConfigurationReference = CB3F2CB9B5D0920F890DA73A /* Pods-CCC.debug.xcconfig */;
			buildSettings = {
				ASSETCATALOG_COMPILER_APPICON_NAME = AppIcon;
				CODE_SIGN_STYLE = Automatic;
				DEVELOPMENT_ASSET_PATHS = "\"CCC/Preview Content\"";
				DEVELOPMENT_TEAM = Q5WB95G58X;
				ENABLE_PREVIEWS = YES;
				FRAMEWORK_SEARCH_PATHS = (
					"$(inherited)",
					"\"${PODS_ROOT}/../../client/build/cocoapods/framework\"",
					"$(SRCROOT)/../res/build/xcode-frameworks/$(CONFIGURATION)/$(SDK_NAME)",
				);
				GCC_GENERATE_DEBUGGING_SYMBOLS = NO;
				INFOPLIST_FILE = CCC/Resources/Info.plist;
				LD_RUNPATH_SEARCH_PATHS = (
					"$(inherited)",
					"@executable_path/Frameworks",
				);
				OTHER_LDFLAGS = (
					"$(inherited)",
					"-lsqlite3",
					"-framework",
					res,
				);
				PRODUCT_BUNDLE_IDENTIFIER = com.oztechan.ccc;
				PRODUCT_NAME = "$(TARGET_NAME)";
				SWIFT_VERSION = 5.0;
				TARGETED_DEVICE_FAMILY = "1,2";
			};
			name = Debug;
		};
		7555FFA7242A565B00829871 /* Release */ = {
			isa = XCBuildConfiguration;
			baseConfigurationReference = FF1FD2425A9A57DA8C484F81 /* Pods-CCC.release.xcconfig */;
			buildSettings = {
				ASSETCATALOG_COMPILER_APPICON_NAME = AppIcon;
				CODE_SIGN_STYLE = Automatic;
				DEVELOPMENT_ASSET_PATHS = "\"CCC/Preview Content\"";
				DEVELOPMENT_TEAM = Q5WB95G58X;
				ENABLE_PREVIEWS = YES;
				FRAMEWORK_SEARCH_PATHS = (
					"$(inherited)",
					"\"${PODS_ROOT}/../../client/build/cocoapods/framework\"",
					"$(SRCROOT)/../res/build/xcode-frameworks/$(CONFIGURATION)/$(SDK_NAME)",
				);
				INFOPLIST_FILE = CCC/Resources/Info.plist;
				LD_RUNPATH_SEARCH_PATHS = (
					"$(inherited)",
					"@executable_path/Frameworks",
				);
				OTHER_LDFLAGS = (
					"$(inherited)",
					"-lsqlite3",
					"-framework",
					res,
				);
				PRODUCT_BUNDLE_IDENTIFIER = com.oztechan.ccc;
				PRODUCT_NAME = "$(TARGET_NAME)";
				SWIFT_VERSION = 5.0;
				TARGETED_DEVICE_FAMILY = "1,2";
			};
			name = Release;
		};
/* End XCBuildConfiguration section */

/* Begin XCConfigurationList section */
		7555FF76242A565900829871 /* Build configuration list for PBXProject "CCC" */ = {
			isa = XCConfigurationList;
			buildConfigurations = (
				7555FFA3242A565B00829871 /* Debug */,
				7555FFA4242A565B00829871 /* Release */,
			);
			defaultConfigurationIsVisible = 0;
			defaultConfigurationName = Release;
		};
		7555FFA5242A565B00829871 /* Build configuration list for PBXNativeTarget "CCC" */ = {
			isa = XCConfigurationList;
			buildConfigurations = (
				7555FFA6242A565B00829871 /* Debug */,
				7555FFA7242A565B00829871 /* Release */,
			);
			defaultConfigurationIsVisible = 0;
			defaultConfigurationName = Release;
		};
/* End XCConfigurationList section */

/* Begin XCRemoteSwiftPackageReference section */
		5C3EB6D328775993001E822A /* XCRemoteSwiftPackageReference "SwiftMessages" */ = {
			isa = XCRemoteSwiftPackageReference;
			repositoryURL = "https://github.com/SwiftKickMobile/SwiftMessages";
			requirement = {
				kind = upToNextMajorVersion;
				minimumVersion = 9.0.0;
			};
		};
		5C3EB6D628775AFF001E822A /* XCRemoteSwiftPackageReference "swift-package-manager-google-mobile-ads" */ = {
			isa = XCRemoteSwiftPackageReference;
			repositoryURL = "https://github.com/googleads/swift-package-manager-google-mobile-ads.git";
			requirement = {
				kind = upToNextMajorVersion;
				minimumVersion = 9.0.0;
			};
		};
		5C3EB6D928775F12001E822A /* XCRemoteSwiftPackageReference "firebase-ios-sdk" */ = {
			isa = XCRemoteSwiftPackageReference;
			repositoryURL = "https://github.com/firebase/firebase-ios-sdk";
			requirement = {
				kind = upToNextMajorVersion;
				minimumVersion = 9.0.0;
			};
		};
		5C5C0BA22874B8450061AEF9 /* XCRemoteSwiftPackageReference "swiftui-navigation-stack" */ = {
			isa = XCRemoteSwiftPackageReference;
			repositoryURL = "https://github.com/matteopuc/swiftui-navigation-stack";
			requirement = {
				kind = upToNextMajorVersion;
				minimumVersion = 1.0.4;
			};
		};
/* End XCRemoteSwiftPackageReference section */

/* Begin XCSwiftPackageProductDependency section */
		5C3EB6D428775993001E822A /* SwiftMessages */ = {
			isa = XCSwiftPackageProductDependency;
			package = 5C3EB6D328775993001E822A /* XCRemoteSwiftPackageReference "SwiftMessages" */;
			productName = SwiftMessages;
		};
		5C3EB6D728775AFF001E822A /* GoogleMobileAds */ = {
			isa = XCSwiftPackageProductDependency;
			package = 5C3EB6D628775AFF001E822A /* XCRemoteSwiftPackageReference "swift-package-manager-google-mobile-ads" */;
			productName = GoogleMobileAds;
		};
		5C3EB6DA28775F12001E822A /* FirebaseAnalytics */ = {
			isa = XCSwiftPackageProductDependency;
			package = 5C3EB6D928775F12001E822A /* XCRemoteSwiftPackageReference "firebase-ios-sdk" */;
			productName = FirebaseAnalytics;
		};
		5C3EB6DC28775F12001E822A /* FirebaseCrashlytics */ = {
			isa = XCSwiftPackageProductDependency;
			package = 5C3EB6D928775F12001E822A /* XCRemoteSwiftPackageReference "firebase-ios-sdk" */;
			productName = FirebaseCrashlytics;
		};
		5C5C0BA32874B8450061AEF9 /* NavigationStack */ = {
			isa = XCSwiftPackageProductDependency;
			package = 5C5C0BA22874B8450061AEF9 /* XCRemoteSwiftPackageReference "swiftui-navigation-stack" */;
			productName = NavigationStack;
		};
/* End XCSwiftPackageProductDependency section */
	};
	rootObject = 7555FF73242A565900829871 /* Project object */;
}
